
Microsoft Visual Studio Solution File, Format Version 12.00
# Visual Studio Version 17
VisualStudioVersion = 17.0.31903.59
MinimumVisualStudioVersion = 10.0.40219.1
Project("{FAE04EC0-301F-11D3-BF4B-00C04F79EFBC}") = "OntoManager", "OntoManager\OntoManager.csproj", "{D9FDA74E-A530-4CB3-9AC8-7605935CF8D0}"
EndProject
Global
	GlobalSection(SolutionConfigurationPlatforms) = preSolution
		Debug|Any CPU = Debug|Any CPU
		Release|Any CPU = Release|Any CPU
	EndGlobalSection
	GlobalSection(SolutionProperties) = preSolution
		HideSolutionNode = FALSE
	EndGlobalSection
	GlobalSection(ProjectConfigurationPlatforms) = postSolution
		{D9FDA74E-A530-4CB3-9AC8-7605935CF8D0}.Debug|Any CPU.ActiveCfg = Debug|Any CPU
		{D9FDA74E-A530-4CB3-9AC8-7605935CF8D0}.Debug|Any CPU.Build.0 = Debug|Any CPU
		{D9FDA74E-A530-4CB3-9AC8-7605935CF8D0}.Release|Any CPU.ActiveCfg = Release|Any CPU
		{D9FDA74E-A530-4CB3-9AC8-7605935CF8D0}.Release|Any CPU.Build.0 = Release|Any CPU
	EndGlobalSection
	GlobalSection(NestedProjects) = preSolution
		{D9FDA74E-A530-4CB3-9AC8-7605935CF8D0} = {DF718088-350C-4663-9687-9789840094B1}
	EndGlobalSection
EndGlobal
